
Microsoft Visual Studio Solution File, Format Version 12.00
# Visual Studio Version 16
VisualStudioVersion = 16.0.31025.218
MinimumVisualStudioVersion = 10.0.40219.1
Project("{FAE04EC0-301F-11D3-BF4B-00C04F79EFBC}") = "CustomConfigurationProvider", "CustomConfigurationProvider.csproj", "{BD122150-84C1-46D2-AB77-C21DF739C673}"
EndProject
Global
	GlobalSection(SolutionConfigurationPlatforms) = preSolution
		Debug|Any CPU = Debug|Any CPU
		Release|Any CPU = Release|Any CPU
	EndGlobalSection
	GlobalSection(ProjectConfigurationPlatforms) = postSolution
		{BD122150-84C1-46D2-AB77-C21DF739C673}.Debug|Any CPU.ActiveCfg = Debug|Any CPU
		{BD122150-84C1-46D2-AB77-C21DF739C673}.Debug|Any CPU.Build.0 = Debug|Any CPU
		{BD122150-84C1-46D2-AB77-C21DF739C673}.Release|Any CPU.ActiveCfg = Release|Any CPU
		{BD122150-84C1-46D2-AB77-C21DF739C673}.Release|Any CPU.Build.0 = Release|Any CPU
	EndGlobalSection
	GlobalSection(SolutionProperties) = preSolution
		HideSolutionNode = FALSE
	EndGlobalSection
	GlobalSection(ExtensibilityGlobals) = postSolution
		SolutionGuid = {53257678-A7FD-4B64-8BA7-C9234FFFD38B}
	EndGlobalSection
EndGlobal
